
Microsoft Visual Studio Solution File, Format Version 12.00
# Visual Studio 15
VisualStudioVersion = 15.0.26730.3
MinimumVisualStudioVersion = 10.0.40219.1
Project("{FAE04EC0-301F-11D3-BF4B-00C04F79EFBC}") = "EventBus2RMQ", "EventBus2RMQ\EventBus2RMQ.csproj", "{88F10901-D19A-4F4D-83E2-A77F4DAAEFEE}"
EndProject
Project("{FAE04EC0-301F-11D3-BF4B-00C04F79EFBC}") = "ConsoleApp1", "ConsoleApp1\ConsoleApp1.csproj", "{22495F1E-7EDE-4221-AEC0-260D29966311}"
EndProject
Project("{FAE04EC0-301F-11D3-BF4B-00C04F79EFBC}") = "Reciver", "Reciver\Reciver.csproj", "{59403E1C-5CDA-4112-AD63-B882E65CCC2A}"
EndProject
Project("{FAE04EC0-301F-11D3-BF4B-00C04F79EFBC}") = "ReciverTestProcesser", "ReciverTestProcesser\ReciverTestProcesser.csproj", "{77910420-E898-4C53-8D6D-0035649CA9EF}"
EndProject
Global
	GlobalSection(SolutionConfigurationPlatforms) = preSolution
		Debug|Any CPU = Debug|Any CPU
		Release|Any CPU = Release|Any CPU
	EndGlobalSection
	GlobalSection(ProjectConfigurationPlatforms) = postSolution
		{88F10901-D19A-4F4D-83E2-A77F4DAAEFEE}.Debug|Any CPU.ActiveCfg = Debug|Any CPU
		{88F10901-D19A-4F4D-83E2-A77F4DAAEFEE}.Debug|Any CPU.Build.0 = Debug|Any CPU
		{88F10901-D19A-4F4D-83E2-A77F4DAAEFEE}.Release|Any CPU.ActiveCfg = Release|Any CPU
		{88F10901-D19A-4F4D-83E2-A77F4DAAEFEE}.Release|Any CPU.Build.0 = Release|Any CPU
		{22495F1E-7EDE-4221-AEC0-260D29966311}.Debug|Any CPU.ActiveCfg = Debug|Any CPU
		{22495F1E-7EDE-4221-AEC0-260D29966311}.Debug|Any CPU.Build.0 = Debug|Any CPU
		{22495F1E-7EDE-4221-AEC0-260D29966311}.Release|Any CPU.ActiveCfg = Release|Any CPU
		{22495F1E-7EDE-4221-AEC0-260D29966311}.Release|Any CPU.Build.0 = Release|Any CPU
		{59403E1C-5CDA-4112-AD63-B882E65CCC2A}.Debug|Any CPU.ActiveCfg = Debug|Any CPU
		{59403E1C-5CDA-4112-AD63-B882E65CCC2A}.Debug|Any CPU.Build.0 = Debug|Any CPU
		{59403E1C-5CDA-4112-AD63-B882E65CCC2A}.Release|Any CPU.ActiveCfg = Release|Any CPU
		{59403E1C-5CDA-4112-AD63-B882E65CCC2A}.Release|Any CPU.Build.0 = Release|Any CPU
		{77910420-E898-4C53-8D6D-0035649CA9EF}.Debug|Any CPU.ActiveCfg = Debug|Any CPU
		{77910420-E898-4C53-8D6D-0035649CA9EF}.Debug|Any CPU.Build.0 = Debug|Any CPU
		{77910420-E898-4C53-8D6D-0035649CA9EF}.Release|Any CPU.ActiveCfg = Release|Any CPU
		{77910420-E898-4C53-8D6D-0035649CA9EF}.Release|Any CPU.Build.0 = Release|Any CPU
	EndGlobalSection
	GlobalSection(SolutionProperties) = preSolution
		HideSolutionNode = FALSE
	EndGlobalSection
	GlobalSection(ExtensibilityGlobals) = postSolution
		SolutionGuid = {97D37A12-01FF-4B4C-80A1-7D0E037674F7}
	EndGlobalSection
EndGlobal
